
Microsoft Visual Studio Solution File, Format Version 12.00
# Visual Studio 2012
Project("{FAE04EC0-301F-11D3-BF4B-00C04F79EFBC}") = "E-shop", "E-shop\E-shop.csproj", "{8495F8CF-21BE-456C-9E44-6B779D73D584}"
EndProject
Project("{FAE04EC0-301F-11D3-BF4B-00C04F79EFBC}") = "Data", "Data\Data.csproj", "{9D5BA914-C1F5-4CD7-8D61-CCC1A63CD61B}"
EndProject
Project("{FAE04EC0-301F-11D3-BF4B-00C04F79EFBC}") = "Baccess", "Baccess\Baccess.csproj", "{6A14995B-6999-4B95-8AA1-2F609C19F5CC}"
EndProject
Project("{FAE04EC0-301F-11D3-BF4B-00C04F79EFBC}") = "Entity", "ClassLibrary1\Entity.csproj", "{DB2E6288-DBA6-407C-A326-68653C32364F}"
EndProject
Global
	GlobalSection(SolutionConfigurationPlatforms) = preSolution
		Debug|Any CPU = Debug|Any CPU
		Release|Any CPU = Release|Any CPU
	EndGlobalSection
	GlobalSection(ProjectConfigurationPlatforms) = postSolution
		{8495F8CF-21BE-456C-9E44-6B779D73D584}.Debug|Any CPU.ActiveCfg = Debug|Any CPU
		{8495F8CF-21BE-456C-9E44-6B779D73D584}.Debug|Any CPU.Build.0 = Debug|Any CPU
		{8495F8CF-21BE-456C-9E44-6B779D73D584}.Release|Any CPU.ActiveCfg = Release|Any CPU
		{8495F8CF-21BE-456C-9E44-6B779D73D584}.Release|Any CPU.Build.0 = Release|Any CPU
		{9D5BA914-C1F5-4CD7-8D61-CCC1A63CD61B}.Debug|Any CPU.ActiveCfg = Debug|Any CPU
		{9D5BA914-C1F5-4CD7-8D61-CCC1A63CD61B}.Debug|Any CPU.Build.0 = Debug|Any CPU
		{9D5BA914-C1F5-4CD7-8D61-CCC1A63CD61B}.Release|Any CPU.ActiveCfg = Release|Any CPU
		{9D5BA914-C1F5-4CD7-8D61-CCC1A63CD61B}.Release|Any CPU.Build.0 = Release|Any CPU
		{6A14995B-6999-4B95-8AA1-2F609C19F5CC}.Debug|Any CPU.ActiveCfg = Debug|Any CPU
		{6A14995B-6999-4B95-8AA1-2F609C19F5CC}.Debug|Any CPU.Build.0 = Debug|Any CPU
		{6A14995B-6999-4B95-8AA1-2F609C19F5CC}.Release|Any CPU.ActiveCfg = Release|Any CPU
		{6A14995B-6999-4B95-8AA1-2F609C19F5CC}.Release|Any CPU.Build.0 = Release|Any CPU
		{DB2E6288-DBA6-407C-A326-68653C32364F}.Debug|Any CPU.ActiveCfg = Debug|Any CPU
		{DB2E6288-DBA6-407C-A326-68653C32364F}.Debug|Any CPU.Build.0 = Debug|Any CPU
		{DB2E6288-DBA6-407C-A326-68653C32364F}.Release|Any CPU.ActiveCfg = Release|Any CPU
		{DB2E6288-DBA6-407C-A326-68653C32364F}.Release|Any CPU.Build.0 = Release|Any CPU
	EndGlobalSection
	GlobalSection(SolutionProperties) = preSolution
		HideSolutionNode = FALSE
	EndGlobalSection
EndGlobal
